// !$*UTF8*$!
{
	archiveVersion = 1;
	classes = {
	};
	objectVersion = 55;
	objects = {

/* Begin PBXBuildFile section */
		9EB91816276C899100DBC668 /* AppDelegate.swift in Sources */ = {isa = PBXBuildFile; fileRef = 9EB91815276C899100DBC668 /* AppDelegate.swift */; };
		9EB91818276C899100DBC668 /* SceneDelegate.swift in Sources */ = {isa = PBXBuildFile; fileRef = 9EB91817276C899100DBC668 /* SceneDelegate.swift */; };
		9EB9181A276C899100DBC668 /* ViewController.swift in Sources */ = {isa = PBXBuildFile; fileRef = 9EB91819276C899100DBC668 /* ViewController.swift */; };
		9EB9181D276C899100DBC668 /* Main.storyboard in Resources */ = {isa = PBXBuildFile; fileRef = 9EB9181B276C899100DBC668 /* Main.storyboard */; };
		9EB9181F276C899400DBC668 /* Assets.xcassets in Resources */ = {isa = PBXBuildFile; fileRef = 9EB9181E276C899400DBC668 /* Assets.xcassets */; };
		9EB91822276C899400DBC668 /* LaunchScreen.storyboard in Resources */ = {isa = PBXBuildFile; fileRef = 9EB91820276C899400DBC668 /* LaunchScreen.storyboard */; };
		9EB9182B276C8ACF00DBC668 /* AuthViewController.swift in Sources */ = {isa = PBXBuildFile; fileRef = 9EB9182A276C8ACF00DBC668 /* AuthViewController.swift */; };
		9EB9182E276C8AFC00DBC668 /* UserData.swift in Sources */ = {isa = PBXBuildFile; fileRef = 9EB9182D276C8AFC00DBC668 /* UserData.swift */; };
		9EB91830276C8BE100DBC668 /* EnterLoginViewController.swift in Sources */ = {isa = PBXBuildFile; fileRef = 9EB9182F276C8BE100DBC668 /* EnterLoginViewController.swift */; };
		9EB91832276C8C1B00DBC668 /* EnterPasswordViewController.swift in Sources */ = {isa = PBXBuildFile; fileRef = 9EB91831276C8C1B00DBC668 /* EnterPasswordViewController.swift */; };
		9EB91834276C8E0500DBC668 /* MainViewController.swift in Sources */ = {isa = PBXBuildFile; fileRef = 9EB91833276C8E0500DBC668 /* MainViewController.swift */; };
		9EB9183D276C967A00DBC668 /* ModuleFactory.swift in Sources */ = {isa = PBXBuildFile; fileRef = 9EB9183C276C967A00DBC668 /* ModuleFactory.swift */; };
		9EB9183F276C968800DBC668 /* CoordinatorFactory.swift in Sources */ = {isa = PBXBuildFile; fileRef = 9EB9183E276C968800DBC668 /* CoordinatorFactory.swift */; };
		9EB91842276C96CD00DBC668 /* AppCoordinator.swift in Sources */ = {isa = PBXBuildFile; fileRef = 9EB91841276C96CD00DBC668 /* AppCoordinator.swift */; };
		9EB91844276C96E400DBC668 /* Coordinator.swift in Sources */ = {isa = PBXBuildFile; fileRef = 9EB91843276C96E400DBC668 /* Coordinator.swift */; };
		9EB91846276C984A00DBC668 /* AuthCoordinator.swift in Sources */ = {isa = PBXBuildFile; fileRef = 9EB91845276C984A00DBC668 /* AuthCoordinator.swift */; };
		9EB91848276C999D00DBC668 /* FlowController.swift in Sources */ = {isa = PBXBuildFile; fileRef = 9EB91847276C999D00DBC668 /* FlowController.swift */; };
		9EB9184E276CA62D00DBC668 /* NetworkService.swift in Sources */ = {isa = PBXBuildFile; fileRef = 9EB9184D276CA62D00DBC668 /* NetworkService.swift */; };
/* End PBXBuildFile section */

/* Begin PBXFileReference section */
		9EB91812276C899100DBC668 /* CW_khabibullin.app */ = {isa = PBXFileReference; explicitFileType = wrapper.application; includeInIndex = 0; path = CW_khabibullin.app; sourceTree = BUILT_PRODUCTS_DIR; };
		9EB91815276C899100DBC668 /* AppDelegate.swift */ = {isa = PBXFileReference; lastKnownFileType = sourcecode.swift; path = AppDelegate.swift; sourceTree = "<group>"; };
		9EB91817276C899100DBC668 /* SceneDelegate.swift */ = {isa = PBXFileReference; lastKnownFileType = sourcecode.swift; path = SceneDelegate.swift; sourceTree = "<group>"; };
		9EB91819276C899100DBC668 /* ViewController.swift */ = {isa = PBXFileReference; lastKnownFileType = sourcecode.swift; path = ViewController.swift; sourceTree = "<group>"; };
		9EB9181C276C899100DBC668 /* Base */ = {isa = PBXFileReference; lastKnownFileType = file.storyboard; name = Base; path = Base.lproj/Main.storyboard; sourceTree = "<group>"; };
		9EB9181E276C899400DBC668 /* Assets.xcassets */ = {isa = PBXFileReference; lastKnownFileType = folder.assetcatalog; path = Assets.xcassets; sourceTree = "<group>"; };
		9EB91821276C899400DBC668 /* Base */ = {isa = PBXFileReference; lastKnownFileType = file.storyboard; name = Base; path = Base.lproj/LaunchScreen.storyboard; sourceTree = "<group>"; };
		9EB91823276C899400DBC668 /* Info.plist */ = {isa = PBXFileReference; lastKnownFileType = text.plist.xml; path = Info.plist; sourceTree = "<group>"; };
		9EB9182A276C8ACF00DBC668 /* AuthViewController.swift */ = {isa = PBXFileReference; lastKnownFileType = sourcecode.swift; path = AuthViewController.swift; sourceTree = "<group>"; };
		9EB9182D276C8AFC00DBC668 /* UserData.swift */ = {isa = PBXFileReference; lastKnownFileType = sourcecode.swift; path = UserData.swift; sourceTree = "<group>"; };
		9EB9182F276C8BE100DBC668 /* EnterLoginViewController.swift */ = {isa = PBXFileReference; lastKnownFileType = sourcecode.swift; path = EnterLoginViewController.swift; sourceTree = "<group>"; };
		9EB91831276C8C1B00DBC668 /* EnterPasswordViewController.swift */ = {isa = PBXFileReference; lastKnownFileType = sourcecode.swift; path = EnterPasswordViewController.swift; sourceTree = "<group>"; };
		9EB91833276C8E0500DBC668 /* MainViewController.swift */ = {isa = PBXFileReference; lastKnownFileType = sourcecode.swift; path = MainViewController.swift; sourceTree = "<group>"; };
		9EB9183C276C967A00DBC668 /* ModuleFactory.swift */ = {isa = PBXFileReference; lastKnownFileType = sourcecode.swift; path = ModuleFactory.swift; sourceTree = "<group>"; };
		9EB9183E276C968800DBC668 /* CoordinatorFactory.swift */ = {isa = PBXFileReference; lastKnownFileType = sourcecode.swift; path = CoordinatorFactory.swift; sourceTree = "<group>"; };
		9EB91841276C96CD00DBC668 /* AppCoordinator.swift */ = {isa = PBXFileReference; lastKnownFileType = sourcecode.swift; path = AppCoordinator.swift; sourceTree = "<group>"; };
		9EB91843276C96E400DBC668 /* Coordinator.swift */ = {isa = PBXFileReference; lastKnownFileType = sourcecode.swift; path = Coordinator.swift; sourceTree = "<group>"; };
		9EB91845276C984A00DBC668 /* AuthCoordinator.swift */ = {isa = PBXFileReference; lastKnownFileType = sourcecode.swift; path = AuthCoordinator.swift; sourceTree = "<group>"; };
		9EB91847276C999D00DBC668 /* FlowController.swift */ = {isa = PBXFileReference; lastKnownFileType = sourcecode.swift; path = FlowController.swift; sourceTree = "<group>"; };
		9EB9184D276CA62D00DBC668 /* NetworkService.swift */ = {isa = PBXFileReference; lastKnownFileType = sourcecode.swift; path = NetworkService.swift; sourceTree = "<group>"; };
/* End PBXFileReference section */

/* Begin PBXFrameworksBuildPhase section */
		9EB9180F276C899100DBC668 /* Frameworks */ = {
			isa = PBXFrameworksBuildPhase;
			buildActionMask = 2147483647;
			files = (
			);
			runOnlyForDeploymentPostprocessing = 0;
		};
/* End PBXFrameworksBuildPhase section */

/* Begin PBXGroup section */
		9EB91809276C899100DBC668 = {
			isa = PBXGroup;
			children = (
				9EB91814276C899100DBC668 /* CW_khabibullin */,
				9EB91813276C899100DBC668 /* Products */,
			);
			sourceTree = "<group>";
		};
		9EB91813276C899100DBC668 /* Products */ = {
			isa = PBXGroup;
			children = (
				9EB91812276C899100DBC668 /* CW_khabibullin.app */,
			);
			name = Products;
			sourceTree = "<group>";
		};
		9EB91814276C899100DBC668 /* CW_khabibullin */ = {
			isa = PBXGroup;
			children = (
				9EB9184C276CA61B00DBC668 /* Service */,
				9EB91840276C96C100DBC668 /* Coordinators */,
				9EB9183B276C966C00DBC668 /* Factory */,
				9EB9182C276C8AEF00DBC668 /* Model */,
				9EB91829276C8A4600DBC668 /* ViewControllers */,
				9EB91815276C899100DBC668 /* AppDelegate.swift */,
				9EB91817276C899100DBC668 /* SceneDelegate.swift */,
				9EB91819276C899100DBC668 /* ViewController.swift */,
				9EB9181B276C899100DBC668 /* Main.storyboard */,
				9EB9181E276C899400DBC668 /* Assets.xcassets */,
				9EB91820276C899400DBC668 /* LaunchScreen.storyboard */,
				9EB91823276C899400DBC668 /* Info.plist */,
			);
			path = CW_khabibullin;
			sourceTree = "<group>";
		};
		9EB91829276C8A4600DBC668 /* ViewControllers */ = {
			isa = PBXGroup;
			children = (
				9EB9182A276C8ACF00DBC668 /* AuthViewController.swift */,
				9EB9182F276C8BE100DBC668 /* EnterLoginViewController.swift */,
				9EB91831276C8C1B00DBC668 /* EnterPasswordViewController.swift */,
				9EB91833276C8E0500DBC668 /* MainViewController.swift */,
			);
			path = ViewControllers;
			sourceTree = "<group>";
		};
		9EB9182C276C8AEF00DBC668 /* Model */ = {
			isa = PBXGroup;
			children = (
				9EB9182D276C8AFC00DBC668 /* UserData.swift */,
			);
			path = Model;
			sourceTree = "<group>";
		};
		9EB9183B276C966C00DBC668 /* Factory */ = {
			isa = PBXGroup;
			children = (
				9EB9183C276C967A00DBC668 /* ModuleFactory.swift */,
				9EB9183E276C968800DBC668 /* CoordinatorFactory.swift */,
			);
			path = Factory;
			sourceTree = "<group>";
		};
		9EB91840276C96C100DBC668 /* Coordinators */ = {
			isa = PBXGroup;
			children = (
				9EB91841276C96CD00DBC668 /* AppCoordinator.swift */,
				9EB91843276C96E400DBC668 /* Coordinator.swift */,
				9EB91845276C984A00DBC668 /* AuthCoordinator.swift */,
				9EB91847276C999D00DBC668 /* FlowController.swift */,
			);
			path = Coordinators;
			sourceTree = "<group>";
		};
		9EB9184C276CA61B00DBC668 /* Service */ = {
			isa = PBXGroup;
			children = (
				9EB9184D276CA62D00DBC668 /* NetworkService.swift */,
			);
			path = Service;
			sourceTree = "<group>";
		};
/* End PBXGroup section */

/* Begin PBXNativeTarget section */
		9EB91811276C899100DBC668 /* CW_khabibullin */ = {
			isa = PBXNativeTarget;
			buildConfigurationList = 9EB91826276C899400DBC668 /* Build configuration list for PBXNativeTarget "CW_khabibullin" */;
			buildPhases = (
				9EB9180E276C899100DBC668 /* Sources */,
				9EB9180F276C899100DBC668 /* Frameworks */,
				9EB91810276C899100DBC668 /* Resources */,
			);
			buildRules = (
			);
			dependencies = (
			);
			name = CW_khabibullin;
			productName = CW_khabibullin;
			productReference = 9EB91812276C899100DBC668 /* CW_khabibullin.app */;
			productType = "com.apple.product-type.application";
		};
/* End PBXNativeTarget section */

/* Begin PBXProject section */
		9EB9180A276C899100DBC668 /* Project object */ = {
			isa = PBXProject;
			attributes = {
				BuildIndependentTargetsInParallel = 1;
				LastSwiftUpdateCheck = 1310;
				LastUpgradeCheck = 1310;
				TargetAttributes = {
					9EB91811276C899100DBC668 = {
						CreatedOnToolsVersion = 13.1;
					};
				};
			};
			buildConfigurationList = 9EB9180D276C899100DBC668 /* Build configuration list for PBXProject "CW_khabibullin" */;
			compatibilityVersion = "Xcode 13.0";
			developmentRegion = en;
			hasScannedForEncodings = 0;
			knownRegions = (
				en,
				Base,
			);
			mainGroup = 9EB91809276C899100DBC668;
			productRefGroup = 9EB91813276C899100DBC668 /* Products */;
			projectDirPath = "";
			projectRoot = "";
			targets = (
				9EB91811276C899100DBC668 /* CW_khabibullin */,
			);
		};
/* End PBXProject section */

/* Begin PBXResourcesBuildPhase section */
		9EB91810276C899100DBC668 /* Resources */ = {
			isa = PBXResourcesBuildPhase;
			buildActionMask = 2147483647;
			files = (
				9EB91822276C899400DBC668 /* LaunchScreen.storyboard in Resources */,
				9EB9181F276C899400DBC668 /* Assets.xcassets in Resources */,
				9EB9181D276C899100DBC668 /* Main.storyboard in Resources */,
			);
			runOnlyForDeploymentPostprocessing = 0;
		};
/* End PBXResourcesBuildPhase section */

/* Begin PBXSourcesBuildPhase section */
		9EB9180E276C899100DBC668 /* Sources */ = {
			isa = PBXSourcesBuildPhase;
			buildActionMask = 2147483647;
			files = (
				9EB91842276C96CD00DBC668 /* AppCoordinator.swift in Sources */,
				9EB91846276C984A00DBC668 /* AuthCoordinator.swift in Sources */,
				9EB9182B276C8ACF00DBC668 /* AuthViewController.swift in Sources */,
				9EB9183D276C967A00DBC668 /* ModuleFactory.swift in Sources */,
				9EB9181A276C899100DBC668 /* ViewController.swift in Sources */,
				9EB91816276C899100DBC668 /* AppDelegate.swift in Sources */,
				9EB9182E276C8AFC00DBC668 /* UserData.swift in Sources */,
				9EB91848276C999D00DBC668 /* FlowController.swift in Sources */,
				9EB91818276C899100DBC668 /* SceneDelegate.swift in Sources */,
				9EB91830276C8BE100DBC668 /* EnterLoginViewController.swift in Sources */,
				9EB9184E276CA62D00DBC668 /* NetworkService.swift in Sources */,
				9EB91844276C96E400DBC668 /* Coordinator.swift in Sources */,
				9EB91832276C8C1B00DBC668 /* EnterPasswordViewController.swift in Sources */,
				9EB91834276C8E0500DBC668 /* MainViewController.swift in Sources */,
				9EB9183F276C968800DBC668 /* CoordinatorFactory.swift in Sources */,
			);
			runOnlyForDeploymentPostprocessing = 0;
		};
/* End PBXSourcesBuildPhase section */

/* Begin PBXVariantGroup section */
		9EB9181B276C899100DBC668 /* Main.storyboard */ = {
			isa = PBXVariantGroup;
			children = (
				9EB9181C276C899100DBC668 /* Base */,
			);
			name = Main.storyboard;
			sourceTree = "<group>";
		};
		9EB91820276C899400DBC668 /* LaunchScreen.storyboard */ = {
			isa = PBXVariantGroup;
			children = (
				9EB91821276C899400DBC668 /* Base */,
			);
			name = LaunchScreen.storyboard;
			sourceTree = "<group>";
		};
/* End PBXVariantGroup section */

/* Begin XCBuildConfiguration section */
		9EB91824276C899400DBC668 /* Debug */ = {
			isa = XCBuildConfiguration;
			buildSettings = {
				ALWAYS_SEARCH_USER_PATHS = NO;
				CLANG_ANALYZER_NONNULL = YES;
				CLANG_ANALYZER_NUMBER_OBJECT_CONVERSION = YES_AGGRESSIVE;
				CLANG_CXX_LANGUAGE_STANDARD = "gnu++17";
				CLANG_CXX_LIBRARY = "libc++";
				CLANG_ENABLE_MODULES = YES;
				CLANG_ENABLE_OBJC_ARC = YES;
				CLANG_ENABLE_OBJC_WEAK = YES;
				CLANG_WARN_BLOCK_CAPTURE_AUTORELEASING = YES;
				CLANG_WARN_BOOL_CONVERSION = YES;
				CLANG_WARN_COMMA = YES;
				CLANG_WARN_CONSTANT_CONVERSION = YES;
				CLANG_WARN_DEPRECATED_OBJC_IMPLEMENTATIONS = YES;
				CLANG_WARN_DIRECT_OBJC_ISA_USAGE = YES_ERROR;
				CLANG_WARN_DOCUMENTATION_COMMENTS = YES;
				CLANG_WARN_EMPTY_BODY = YES;
				CLANG_WARN_ENUM_CONVERSION = YES;
				CLANG_WARN_INFINITE_RECURSION = YES;
				CLANG_WARN_INT_CONVERSION = YES;
				CLANG_WARN_NON_LITERAL_NULL_CONVERSION = YES;
				CLANG_WARN_OBJC_IMPLICIT_RETAIN_SELF = YES;
				CLANG_WARN_OBJC_LITERAL_CONVERSION = YES;
				CLANG_WARN_OBJC_ROOT_CLASS = YES_ERROR;
				CLANG_WARN_QUOTED_INCLUDE_IN_FRAMEWORK_HEADER = YES;
				CLANG_WARN_RANGE_LOOP_ANALYSIS = YES;
				CLANG_WARN_STRICT_PROTOTYPES = YES;
				CLANG_WARN_SUSPICIOUS_MOVE = YES;
				CLANG_WARN_UNGUARDED_AVAILABILITY = YES_AGGRESSIVE;
				CLANG_WARN_UNREACHABLE_CODE = YES;
				CLANG_WARN__DUPLICATE_METHOD_MATCH = YES;
				COPY_PHASE_STRIP = NO;
				DEBUG_INFORMATION_FORMAT = dwarf;
				ENABLE_STRICT_OBJC_MSGSEND = YES;
				ENABLE_TESTABILITY = YES;
				GCC_C_LANGUAGE_STANDARD = gnu11;
				GCC_DYNAMIC_NO_PIC = NO;
				GCC_NO_COMMON_BLOCKS = YES;
				GCC_OPTIMIZATION_LEVEL = 0;
				GCC_PREPROCESSOR_DEFINITIONS = (
					"DEBUG=1",
					"$(inherited)",
				);
				GCC_WARN_64_TO_32_BIT_CONVERSION = YES;
				GCC_WARN_ABOUT_RETURN_TYPE = YES_ERROR;
				GCC_WARN_UNDECLARED_SELECTOR = YES;
				GCC_WARN_UNINITIALIZED_AUTOS = YES_AGGRESSIVE;
				GCC_WARN_UNUSED_FUNCTION = YES;
				GCC_WARN_UNUSED_VARIABLE = YES;
				IPHONEOS_DEPLOYMENT_TARGET = 15.0;
				MTL_ENABLE_DEBUG_INFO = INCLUDE_SOURCE;
				MTL_FAST_MATH = YES;
				ONLY_ACTIVE_ARCH = YES;
				SDKROOT = iphoneos;
				SWIFT_ACTIVE_COMPILATION_CONDITIONS = DEBUG;
				SWIFT_OPTIMIZATION_LEVEL = "-Onone";
			};
			name = Debug;
		};
		9EB91825276C899400DBC668 /* Release */ = {
			isa = XCBuildConfiguration;
			buildSettings = {
				ALWAYS_SEARCH_USER_PATHS = NO;
				CLANG_ANALYZER_NONNULL = YES;
				CLANG_ANALYZER_NUMBER_OBJECT_CONVERSION = YES_AGGRESSIVE;
				CLANG_CXX_LANGUAGE_STANDARD = "gnu++17";
				CLANG_CXX_LIBRARY = "libc++";
				CLANG_ENABLE_MODULES = YES;
				CLANG_ENABLE_OBJC_ARC = YES;
				CLANG_ENABLE_OBJC_WEAK = YES;
				CLANG_WARN_BLOCK_CAPTURE_AUTORELEASING = YES;
				CLANG_WARN_BOOL_CONVERSION = YES;
				CLANG_WARN_COMMA = YES;
				CLANG_WARN_CONSTANT_CONVERSION = YES;
				CLANG_WARN_DEPRECATED_OBJC_IMPLEMENTATIONS = YES;
				CLANG_WARN_DIRECT_OBJC_ISA_USAGE = YES_ERROR;
				CLANG_WARN_DOCUMENTATION_COMMENTS = YES;
				CLANG_WARN_EMPTY_BODY = YES;
				CLANG_WARN_ENUM_CONVERSION = YES;
				CLANG_WARN_INFINITE_RECURSION = YES;
				CLANG_WARN_INT_CONVERSION = YES;
				CLANG_WARN_NON_LITERAL_NULL_CONVERSION = YES;
				CLANG_WARN_OBJC_IMPLICIT_RETAIN_SELF = YES;
				CLANG_WARN_OBJC_LITERAL_CONVERSION = YES;
				CLANG_WARN_OBJC_ROOT_CLASS = YES_ERROR;
				CLANG_WARN_QUOTED_INCLUDE_IN_FRAMEWORK_HEADER = YES;
				CLANG_WARN_RANGE_LOOP_ANALYSIS = YES;
				CLANG_WARN_STRICT_PROTOTYPES = YES;
				CLANG_WARN_SUSPICIOUS_MOVE = YES;
				CLANG_WARN_UNGUARDED_AVAILABILITY = YES_AGGRESSIVE;
				CLANG_WARN_UNREACHABLE_CODE = YES;
				CLANG_WARN__DUPLICATE_METHOD_MATCH = YES;
				COPY_PHASE_STRIP = NO;
				DEBUG_INFORMATION_FORMAT = "dwarf-with-dsym";
				ENABLE_NS_ASSERTIONS = NO;
				ENABLE_STRICT_OBJC_MSGSEND = YES;
				GCC_C_LANGUAGE_STANDARD = gnu11;
				GCC_NO_COMMON_BLOCKS = YES;
				GCC_WARN_64_TO_32_BIT_CONVERSION = YES;
				GCC_WARN_ABOUT_RETURN_TYPE = YES_ERROR;
				GCC_WARN_UNDECLARED_SELECTOR = YES;
				GCC_WARN_UNINITIALIZED_AUTOS = YES_AGGRESSIVE;
				GCC_WARN_UNUSED_FUNCTION = YES;
				GCC_WARN_UNUSED_VARIABLE = YES;
				IPHONEOS_DEPLOYMENT_TARGET = 15.0;
				MTL_ENABLE_DEBUG_INFO = NO;
				MTL_FAST_MATH = YES;
				SDKROOT = iphoneos;
				SWIFT_COMPILATION_MODE = wholemodule;
				SWIFT_OPTIMIZATION_LEVEL = "-O";
				VALIDATE_PRODUCT = YES;
			};
			name = Release;
		};
		9EB91827276C899400DBC668 /* Debug */ = {
			isa = XCBuildConfiguration;
			buildSettings = {
				ASSETCATALOG_COMPILER_APPICON_NAME = AppIcon;
				ASSETCATALOG_COMPILER_GLOBAL_ACCENT_COLOR_NAME = AccentColor;
				CODE_SIGN_STYLE = Automatic;
				CURRENT_PROJECT_VERSION = 1;
				GENERATE_INFOPLIST_FILE = YES;
				INFOPLIST_FILE = CW_khabibullin/Info.plist;
				INFOPLIST_KEY_UIApplicationSupportsIndirectInputEvents = YES;
				INFOPLIST_KEY_UILaunchStoryboardName = LaunchScreen;
				INFOPLIST_KEY_UIMainStoryboardFile = Main;
				INFOPLIST_KEY_UISupportedInterfaceOrientations_iPad = "UIInterfaceOrientationPortrait UIInterfaceOrientationPortraitUpsideDown UIInterfaceOrientationLandscapeLeft UIInterfaceOrientationLandscapeRight";
				INFOPLIST_KEY_UISupportedInterfaceOrientations_iPhone = "UIInterfaceOrientationPortrait UIInterfaceOrientationLandscapeLeft UIInterfaceOrientationLandscapeRight";
				LD_RUNPATH_SEARCH_PATHS = (
					"$(inherited)",
					"@executable_path/Frameworks",
				);
				MARKETING_VERSION = 1.0;
				PRODUCT_BUNDLE_IDENTIFIER = "com.CW-khabibullin";
				PRODUCT_NAME = "$(TARGET_NAME)";
				SWIFT_EMIT_LOC_STRINGS = YES;
				SWIFT_VERSION = 5.0;
				TARGETED_DEVICE_FAMILY = "1,2";
			};
			name = Debug;
		};
		9EB91828276C899400DBC668 /* Release */ = {
			isa = XCBuildConfiguration;
			buildSettings = {
				ASSETCATALOG_COMPILER_APPICON_NAME = AppIcon;
				ASSETCATALOG_COMPILER_GLOBAL_ACCENT_COLOR_NAME = AccentColor;
				CODE_SIGN_STYLE = Automatic;
				CURRENT_PROJECT_VERSION = 1;
				GENERATE_INFOPLIST_FILE = YES;
				INFOPLIST_FILE = CW_khabibullin/Info.plist;
				INFOPLIST_KEY_UIApplicationSupportsIndirectInputEvents = YES;
				INFOPLIST_KEY_UILaunchStoryboardName = LaunchScreen;
				INFOPLIST_KEY_UIMainStoryboardFile = Main;
				INFOPLIST_KEY_UISupportedInterfaceOrientations_iPad = "UIInterfaceOrientationPortrait UIInterfaceOrientationPortraitUpsideDown UIInterfaceOrientationLandscapeLeft UIInterfaceOrientationLandscapeRight";
				INFOPLIST_KEY_UISupportedInterfaceOrientations_iPhone = "UIInterfaceOrientationPortrait UIInterfaceOrientationLandscapeLeft UIInterfaceOrientationLandscapeRight";
				LD_RUNPATH_SEARCH_PATHS = (
					"$(inherited)",
					"@executable_path/Frameworks",
				);
				MARKETING_VERSION = 1.0;
				PRODUCT_BUNDLE_IDENTIFIER = "com.CW-khabibullin";
				PRODUCT_NAME = "$(TARGET_NAME)";
				SWIFT_EMIT_LOC_STRINGS = YES;
				SWIFT_VERSION = 5.0;
				TARGETED_DEVICE_FAMILY = "1,2";
			};
			name = Release;
		};
/* End XCBuildConfiguration section */

/* Begin XCConfigurationList section */
		9EB9180D276C899100DBC668 /* Build configuration list for PBXProject "CW_khabibullin" */ = {
			isa = XCConfigurationList;
			buildConfigurations = (
				9EB91824276C899400DBC668 /* Debug */,
				9EB91825276C899400DBC668 /* Release */,
			);
			defaultConfigurationIsVisible = 0;
			defaultConfigurationName = Release;
		};
		9EB91826276C899400DBC668 /* Build configuration list for PBXNativeTarget "CW_khabibullin" */ = {
			isa = XCConfigurationList;
			buildConfigurations = (
				9EB91827276C899400DBC668 /* Debug */,
				9EB91828276C899400DBC668 /* Release */,
			);
			defaultConfigurationIsVisible = 0;
			defaultConfigurationName = Release;
		};
/* End XCConfigurationList section */
	};
	rootObject = 9EB9180A276C899100DBC668 /* Project object */;
}
